
Microsoft Visual Studio Solution File, Format Version 12.00
# Visual Studio Version 16
VisualStudioVersion = 16.0.30611.23
MinimumVisualStudioVersion = 10.0.40219.1
Project("{FAE04EC0-301F-11D3-BF4B-00C04F79EFBC}") = "PriyemnayaKomissiya(TechnicalSecretary)", "PriyemnayaKomissiya(TechnicalSecretary)\PriyemnayaKomissiya(TechnicalSecretary).csproj", "{C01A00A3-A1BE-4955-A58C-BD850679C9C3}"
EndProject
Global
	GlobalSection(SolutionConfigurationPlatforms) = preSolution
		Debug|Any CPU = Debug|Any CPU
		Release|Any CPU = Release|Any CPU
	EndGlobalSection
	GlobalSection(ProjectConfigurationPlatforms) = postSolution
		{C01A00A3-A1BE-4955-A58C-BD850679C9C3}.Debug|Any CPU.ActiveCfg = Debug|Any CPU
		{C01A00A3-A1BE-4955-A58C-BD850679C9C3}.Debug|Any CPU.Build.0 = Debug|Any CPU
		{C01A00A3-A1BE-4955-A58C-BD850679C9C3}.Release|Any CPU.ActiveCfg = Release|Any CPU
		{C01A00A3-A1BE-4955-A58C-BD850679C9C3}.Release|Any CPU.Build.0 = Release|Any CPU
	EndGlobalSection
	GlobalSection(SolutionProperties) = preSolution
		HideSolutionNode = FALSE
	EndGlobalSection
	GlobalSection(ExtensibilityGlobals) = postSolution
		SolutionGuid = {A3A840D6-2078-48ED-960B-FEC1E89B5D92}
	EndGlobalSection
EndGlobal
